
Microsoft Visual Studio Solution File, Format Version 12.00
# Visual Studio Version 16
VisualStudioVersion = 16.0.30204.135
MinimumVisualStudioVersion = 10.0.40219.1
Project("{FAE04EC0-301F-11D3-BF4B-00C04F79EFBC}") = "sqlAdd", "sqlAdd\sqlAdd.csproj", "{8700408E-2D87-4863-A392-ACF94C78F234}"
EndProject
Global
	GlobalSection(SolutionConfigurationPlatforms) = preSolution
		Debug|Any CPU = Debug|Any CPU
		Release|Any CPU = Release|Any CPU
	EndGlobalSection
	GlobalSection(ProjectConfigurationPlatforms) = postSolution
		{8700408E-2D87-4863-A392-ACF94C78F234}.Debug|Any CPU.ActiveCfg = Debug|Any CPU
		{8700408E-2D87-4863-A392-ACF94C78F234}.Debug|Any CPU.Build.0 = Debug|Any CPU
		{8700408E-2D87-4863-A392-ACF94C78F234}.Release|Any CPU.ActiveCfg = Release|Any CPU
		{8700408E-2D87-4863-A392-ACF94C78F234}.Release|Any CPU.Build.0 = Release|Any CPU
	EndGlobalSection
	GlobalSection(SolutionProperties) = preSolution
		HideSolutionNode = FALSE
	EndGlobalSection
	GlobalSection(ExtensibilityGlobals) = postSolution
		SolutionGuid = {0E2603FE-995D-4435-9F08-89768C2A0042}
	EndGlobalSection
EndGlobal
